
Microsoft Visual Studio Solution File, Format Version 12.00
# Visual Studio Version 17
VisualStudioVersion = 17.9.34714.143
MinimumVisualStudioVersion = 10.0.40219.1
Project("{FAE04EC0-301F-11D3-BF4B-00C04F79EFBC}") = "APITrabalhoFinal", "APITrabalhoFinal\APITrabalhoFinal.csproj", "{B1B5D255-B85D-4E74-9B3D-290E090DA446}"
EndProject
Global
	GlobalSection(SolutionConfigurationPlatforms) = preSolution
		Debug|Any CPU = Debug|Any CPU
		Release|Any CPU = Release|Any CPU
	EndGlobalSection
	GlobalSection(ProjectConfigurationPlatforms) = postSolution
		{B1B5D255-B85D-4E74-9B3D-290E090DA446}.Debug|Any CPU.ActiveCfg = Debug|Any CPU
		{B1B5D255-B85D-4E74-9B3D-290E090DA446}.Debug|Any CPU.Build.0 = Debug|Any CPU
		{B1B5D255-B85D-4E74-9B3D-290E090DA446}.Release|Any CPU.ActiveCfg = Release|Any CPU
		{B1B5D255-B85D-4E74-9B3D-290E090DA446}.Release|Any CPU.Build.0 = Release|Any CPU
	EndGlobalSection
	GlobalSection(SolutionProperties) = preSolution
		HideSolutionNode = FALSE
	EndGlobalSection
	GlobalSection(ExtensibilityGlobals) = postSolution
		SolutionGuid = {A8603EFD-FF51-4DAB-B4C9-CB243111430B}
	EndGlobalSection
EndGlobal
